{
  "version": 4,
  "terraform_version": "1.9.8",
  "serial": 14,
  "lineage": "62a3cfd9-5c72-5f90-cbf9-e402380e6049",
  "outputs": {},
  "resources": [
    {
      "mode": "managed",
      "type": "azurerm_network_interface",
      "name": "my_terraform_nic",
      "provider": "provider[\"registry.terraform.io/hashicorp/azurerm\"]",
      "instances": [
        {
          "schema_version": 0,
          "attributes": {
            "applied_dns_servers": [],
            "dns_servers": [],
            "enable_accelerated_networking": false,
            "enable_ip_forwarding": false,
            "id": "/subscriptions/8dd65d24-6fce-49ec-9926-c8ada2abaf3c/resourceGroups/my-first-terraform-RG/providers/Microsoft.Network/networkInterfaces/my-first-terraform-nic",
            "internal_dns_name_label": "",
            "internal_domain_name_suffix": "l35owua1c3vudbo4zzkdle1jwa.ax.internal.cloudapp.net",
            "ip_configuration": [
              {
                "gateway_load_balancer_frontend_ip_configuration_id": "",
                "name": "my-nic-configuration",
                "primary": true,
                "private_ip_address": "10.0.1.4",
                "private_ip_address_allocation": "Dynamic",
                "private_ip_address_version": "IPv4",
                "public_ip_address_id": "/subscriptions/8dd65d24-6fce-49ec-9926-c8ada2abaf3c/resourceGroups/my-first-terraform-RG/providers/Microsoft.Network/publicIPAddresses/my-first-terraform-PublicIP",
                "subnet_id": "/subscriptions/8dd65d24-6fce-49ec-9926-c8ada2abaf3c/resourceGroups/my-first-terraform-RG/providers/Microsoft.Network/virtualNetworks/my-first-terraform-network/subnets/my-first-terraform-subnet"
              }
            ],
            "location": "westeurope",
            "mac_address": "60-45-BD-F5-E1-CB",
            "name": "my-first-terraform-nic",
            "private_ip_address": "10.0.1.4",
            "private_ip_addresses": [
              "10.0.1.4"
            ],
            "resource_group_name": "my-first-terraform-RG",
            "tags": {},
            "timeouts": null,
            "virtual_machine_id": "/subscriptions/8dd65d24-6fce-49ec-9926-c8ada2abaf3c/resourceGroups/my-first-terraform-RG/providers/Microsoft.Compute/virtualMachines/my-terraform-vm"
          },
          "sensitive_attributes": [],
          "private": "eyJlMmJmYjczMC1lY2FhLTExZTYtOGY4OC0zNDM2M2JjN2M0YzAiOnsiY3JlYXRlIjoxODAwMDAwMDAwMDAwLCJkZWxldGUiOjE4MDAwMDAwMDAwMDAsInJlYWQiOjMwMDAwMDAwMDAwMCwidXBkYXRlIjoxODAwMDAwMDAwMDAwfX0=",
          "dependencies": [
            "azurerm_public_ip.my_terraform_public_ip",
            "azurerm_resource_group.rg",
            "azurerm_subnet.my_terraform_subnet",
            "azurerm_virtual_network.my_terraform_network"
          ]
        }
      ]
    },
    {
      "mode": "managed",
      "type": "azurerm_network_interface_security_group_association",
      "name": "my_nic_nsg",
      "provider": "provider[\"registry.terraform.io/hashicorp/azurerm\"]",
      "instances": [
        {
          "schema_version": 0,
          "attributes": {
            "id": "/subscriptions/8dd65d24-6fce-49ec-9926-c8ada2abaf3c/resourceGroups/my-first-terraform-RG/providers/Microsoft.Network/networkInterfaces/my-first-terraform-nic|/subscriptions/8dd65d24-6fce-49ec-9926-c8ada2abaf3c/resourceGroups/my-first-terraform-RG/providers/Microsoft.Network/networkSecurityGroups/my-first-terraform-NSG",
            "network_interface_id": "/subscriptions/8dd65d24-6fce-49ec-9926-c8ada2abaf3c/resourceGroups/my-first-terraform-RG/providers/Microsoft.Network/networkInterfaces/my-first-terraform-nic",
            "network_security_group_id": "/subscriptions/8dd65d24-6fce-49ec-9926-c8ada2abaf3c/resourceGroups/my-first-terraform-RG/providers/Microsoft.Network/networkSecurityGroups/my-first-terraform-NSG",
            "timeouts": null
          },
          "sensitive_attributes": [],
          "private": "eyJlMmJmYjczMC1lY2FhLTExZTYtOGY4OC0zNDM2M2JjN2M0YzAiOnsiY3JlYXRlIjoxODAwMDAwMDAwMDAwLCJkZWxldGUiOjE4MDAwMDAwMDAwMDAsInJlYWQiOjMwMDAwMDAwMDAwMCwidXBkYXRlIjoxODAwMDAwMDAwMDAwfX0=",
          "dependencies": [
            "azurerm_network_interface.my_terraform_nic",
            "azurerm_network_security_group.my_terraform_nsg",
            "azurerm_public_ip.my_terraform_public_ip",
            "azurerm_resource_group.rg",
            "azurerm_subnet.my_terraform_subnet",
            "azurerm_virtual_network.my_terraform_network"
          ]
        }
      ]
    },
    {
      "mode": "managed",
      "type": "azurerm_network_security_group",
      "name": "my_terraform_nsg",
      "provider": "provider[\"registry.terraform.io/hashicorp/azurerm\"]",
      "instances": [
        {
          "schema_version": 0,
          "attributes": {
            "id": "/subscriptions/8dd65d24-6fce-49ec-9926-c8ada2abaf3c/resourceGroups/my-first-terraform-RG/providers/Microsoft.Network/networkSecurityGroups/my-first-terraform-NSG",
            "location": "westeurope",
            "name": "my-first-terraform-NSG",
            "resource_group_name": "my-first-terraform-RG",
            "security_rule": [
              {
                "access": "Allow",
                "description": "",
                "destination_address_prefix": "*",
                "destination_address_prefixes": [],
                "destination_application_security_group_ids": [],
                "destination_port_range": "22",
                "destination_port_ranges": [],
                "direction": "Inbound",
                "name": "SSH",
                "priority": 200,
                "protocol": "Tcp",
                "source_address_prefix": "*",
                "source_address_prefixes": [],
                "source_application_security_group_ids": [],
                "source_port_range": "*",
                "source_port_ranges": []
              }
            ],
            "tags": {},
            "timeouts": null
          },
          "sensitive_attributes": [],
          "private": "eyJlMmJmYjczMC1lY2FhLTExZTYtOGY4OC0zNDM2M2JjN2M0YzAiOnsiY3JlYXRlIjoxODAwMDAwMDAwMDAwLCJkZWxldGUiOjE4MDAwMDAwMDAwMDAsInJlYWQiOjMwMDAwMDAwMDAwMCwidXBkYXRlIjoxODAwMDAwMDAwMDAwfX0=",
          "dependencies": [
            "azurerm_resource_group.rg"
          ]
        }
      ]
    },
    {
      "mode": "managed",
      "type": "azurerm_public_ip",
      "name": "my_terraform_public_ip",
      "provider": "provider[\"registry.terraform.io/hashicorp/azurerm\"]",
      "instances": [
        {
          "schema_version": 0,
          "attributes": {
            "allocation_method": "Dynamic",
            "availability_zone": "No-Zone",
            "domain_name_label": null,
            "fqdn": null,
            "id": "/subscriptions/8dd65d24-6fce-49ec-9926-c8ada2abaf3c/resourceGroups/my-first-terraform-RG/providers/Microsoft.Network/publicIPAddresses/my-first-terraform-PublicIP",
            "idle_timeout_in_minutes": 4,
            "ip_address": "23.97.245.204",
            "ip_tags": {},
            "ip_version": "IPv4",
            "location": "westeurope",
            "name": "my-first-terraform-PublicIP",
            "public_ip_prefix_id": null,
            "resource_group_name": "my-first-terraform-RG",
            "reverse_fqdn": null,
            "sku": "Basic",
            "sku_tier": "Regional",
            "tags": {},
            "timeouts": null,
            "zones": []
          },
          "sensitive_attributes": [],
          "private": "eyJlMmJmYjczMC1lY2FhLTExZTYtOGY4OC0zNDM2M2JjN2M0YzAiOnsiY3JlYXRlIjoxODAwMDAwMDAwMDAwLCJkZWxldGUiOjE4MDAwMDAwMDAwMDAsInJlYWQiOjMwMDAwMDAwMDAwMCwidXBkYXRlIjoxODAwMDAwMDAwMDAwfX0=",
          "dependencies": [
            "azurerm_resource_group.rg"
          ]
        }
      ]
    },
    {
      "mode": "managed",
      "type": "azurerm_resource_group",
      "name": "rg",
      "provider": "provider[\"registry.terraform.io/hashicorp/azurerm\"]",
      "instances": [
        {
          "schema_version": 0,
          "attributes": {
            "id": "/subscriptions/8dd65d24-6fce-49ec-9926-c8ada2abaf3c/resourceGroups/my-first-terraform-RG",
            "location": "westeurope",
            "name": "my-first-terraform-RG",
            "tags": {},
            "timeouts": null
          },
          "sensitive_attributes": [],
          "private": "eyJlMmJmYjczMC1lY2FhLTExZTYtOGY4OC0zNDM2M2JjN2M0YzAiOnsiY3JlYXRlIjo1NDAwMDAwMDAwMDAwLCJkZWxldGUiOjU0MDAwMDAwMDAwMDAsInJlYWQiOjMwMDAwMDAwMDAwMCwidXBkYXRlIjo1NDAwMDAwMDAwMDAwfX0="
        }
      ]
    },
    {
      "mode": "managed",
      "type": "azurerm_subnet",
      "name": "my_terraform_subnet",
      "provider": "provider[\"registry.terraform.io/hashicorp/azurerm\"]",
      "instances": [
        {
          "schema_version": 0,
          "attributes": {
            "address_prefix": "10.0.1.0/24",
            "address_prefixes": [
              "10.0.1.0/24"
            ],
            "delegation": [],
            "enforce_private_link_endpoint_network_policies": false,
            "enforce_private_link_service_network_policies": false,
            "id": "/subscriptions/8dd65d24-6fce-49ec-9926-c8ada2abaf3c/resourceGroups/my-first-terraform-RG/providers/Microsoft.Network/virtualNetworks/my-first-terraform-network/subnets/my-first-terraform-subnet",
            "name": "my-first-terraform-subnet",
            "resource_group_name": "my-first-terraform-RG",
            "service_endpoint_policy_ids": [],
            "service_endpoints": [],
            "timeouts": null,
            "virtual_network_name": "my-first-terraform-network"
          },
          "sensitive_attributes": [],
          "private": "eyJlMmJmYjczMC1lY2FhLTExZTYtOGY4OC0zNDM2M2JjN2M0YzAiOnsiY3JlYXRlIjoxODAwMDAwMDAwMDAwLCJkZWxldGUiOjE4MDAwMDAwMDAwMDAsInJlYWQiOjMwMDAwMDAwMDAwMCwidXBkYXRlIjoxODAwMDAwMDAwMDAwfX0=",
          "dependencies": [
            "azurerm_resource_group.rg",
            "azurerm_virtual_network.my_terraform_network"
          ]
        }
      ]
    },
    {
      "mode": "managed",
      "type": "azurerm_virtual_network",
      "name": "my_terraform_network",
      "provider": "provider[\"registry.terraform.io/hashicorp/azurerm\"]",
      "instances": [
        {
          "schema_version": 0,
          "attributes": {
            "address_space": [
              "10.0.0.0/16"
            ],
            "bgp_community": "",
            "ddos_protection_plan": [],
            "dns_servers": [],
            "guid": "50eb7e5f-171b-416b-85de-ce54359369b0",
            "id": "/subscriptions/8dd65d24-6fce-49ec-9926-c8ada2abaf3c/resourceGroups/my-first-terraform-RG/providers/Microsoft.Network/virtualNetworks/my-first-terraform-network",
            "location": "westeurope",
            "name": "my-first-terraform-network",
            "resource_group_name": "my-first-terraform-RG",
            "subnet": [
              {
                "address_prefix": "10.0.1.0/24",
                "id": "/subscriptions/8dd65d24-6fce-49ec-9926-c8ada2abaf3c/resourceGroups/my-first-terraform-RG/providers/Microsoft.Network/virtualNetworks/my-first-terraform-network/subnets/my-first-terraform-subnet",
                "name": "my-first-terraform-subnet",
                "security_group": ""
              }
            ],
            "tags": {},
            "timeouts": null,
            "vm_protection_enabled": false
          },
          "sensitive_attributes": [],
          "private": "eyJlMmJmYjczMC1lY2FhLTExZTYtOGY4OC0zNDM2M2JjN2M0YzAiOnsiY3JlYXRlIjoxODAwMDAwMDAwMDAwLCJkZWxldGUiOjE4MDAwMDAwMDAwMDAsInJlYWQiOjMwMDAwMDAwMDAwMCwidXBkYXRlIjoxODAwMDAwMDAwMDAwfX0=",
          "dependencies": [
            "azurerm_resource_group.rg"
          ]
        }
      ]
    }
  ],
  "check_results": null
}
